
Microsoft Visual Studio Solution File, Format Version 12.00
# Visual Studio Version 17
VisualStudioVersion = 17.9.34607.119
MinimumVisualStudioVersion = 10.0.40219.1
Project("{FAE04EC0-301F-11D3-BF4B-00C04F79EFBC}") = "Practico8Ultimate", "Practico8Ultimate\Practico8Ultimate.csproj", "{59C7158D-775F-4C87-AB9F-9AC643838682}"
EndProject
Global
	GlobalSection(SolutionConfigurationPlatforms) = preSolution
		Debug|Any CPU = Debug|Any CPU
		Release|Any CPU = Release|Any CPU
	EndGlobalSection
	GlobalSection(ProjectConfigurationPlatforms) = postSolution
		{59C7158D-775F-4C87-AB9F-9AC643838682}.Debug|Any CPU.ActiveCfg = Debug|Any CPU
		{59C7158D-775F-4C87-AB9F-9AC643838682}.Debug|Any CPU.Build.0 = Debug|Any CPU
		{59C7158D-775F-4C87-AB9F-9AC643838682}.Release|Any CPU.ActiveCfg = Release|Any CPU
		{59C7158D-775F-4C87-AB9F-9AC643838682}.Release|Any CPU.Build.0 = Release|Any CPU
	EndGlobalSection
	GlobalSection(SolutionProperties) = preSolution
		HideSolutionNode = FALSE
	EndGlobalSection
	GlobalSection(ExtensibilityGlobals) = postSolution
		SolutionGuid = {AA33A353-F2DB-49A1-8C9F-C14D676606E7}
	EndGlobalSection
EndGlobal
